
Microsoft Visual Studio Solution File, Format Version 12.00
# Visual Studio Version 17
VisualStudioVersion = 17.10.34928.147
MinimumVisualStudioVersion = 10.0.40219.1
Project("{9A19103F-16F7-4668-BE54-9A1E7A4F7556}") = "Projeto", "Projeto.csproj", "{34DB182A-F3F2-4D4A-99C0-4195441403BF}"
EndProject
Global
	GlobalSection(SolutionConfigurationPlatforms) = preSolution
		Debug|Any CPU = Debug|Any CPU
		Release|Any CPU = Release|Any CPU
	EndGlobalSection
	GlobalSection(ProjectConfigurationPlatforms) = postSolution
		{34DB182A-F3F2-4D4A-99C0-4195441403BF}.Debug|Any CPU.ActiveCfg = Debug|Any CPU
		{34DB182A-F3F2-4D4A-99C0-4195441403BF}.Debug|Any CPU.Build.0 = Debug|Any CPU
		{34DB182A-F3F2-4D4A-99C0-4195441403BF}.Release|Any CPU.ActiveCfg = Release|Any CPU
		{34DB182A-F3F2-4D4A-99C0-4195441403BF}.Release|Any CPU.Build.0 = Release|Any CPU
	EndGlobalSection
	GlobalSection(SolutionProperties) = preSolution
		HideSolutionNode = FALSE
	EndGlobalSection
	GlobalSection(ExtensibilityGlobals) = postSolution
		SolutionGuid = {F209203A-23CA-4F7D-B5E4-556DD81C81B8}
	EndGlobalSection
EndGlobal
